// !$*UTF8*$!
{
	archiveVersion = 1;
	classes = {
	};
	objectVersion = 55;
	objects = {

/* Begin PBXBuildFile section */
		77EECE822D45D86D0049BC6E /* ClothingProductsAppApp.swift in Sources */ = {isa = PBXBuildFile; fileRef = 77EECE812D45D86D0049BC6E /* ClothingProductsAppApp.swift */; };
		77EECE842D45D86D0049BC6E /* ContentView.swift in Sources */ = {isa = PBXBuildFile; fileRef = 77EECE832D45D86D0049BC6E /* ContentView.swift */; };
		77EECE862D45D8730049BC6E /* Assets.xcassets in Resources */ = {isa = PBXBuildFile; fileRef = 77EECE852D45D8730049BC6E /* Assets.xcassets */; };
		77EECE892D45D8730049BC6E /* Preview Assets.xcassets in Resources */ = {isa = PBXBuildFile; fileRef = 77EECE882D45D8730049BC6E /* Preview Assets.xcassets */; };
		77EECE8B2D45D8730049BC6E /* Persistence.swift in Sources */ = {isa = PBXBuildFile; fileRef = 77EECE8A2D45D8730049BC6E /* Persistence.swift */; };
		77EECE8E2D45D8730049BC6E /* ClothingProductsApp.xcdatamodeld in Sources */ = {isa = PBXBuildFile; fileRef = 77EECE8C2D45D8730049BC6E /* ClothingProductsApp.xcdatamodeld */; };
		77EECE952D45DBDF0049BC6E /* LoginView.swift in Sources */ = {isa = PBXBuildFile; fileRef = 77EECE942D45DBDF0049BC6E /* LoginView.swift */; };
		77EECE972D45DF930049BC6E /* ProductsListView.swift in Sources */ = {isa = PBXBuildFile; fileRef = 77EECE962D45DF930049BC6E /* ProductsListView.swift */; };
/* End PBXBuildFile section */

/* Begin PBXFileReference section */
		77EECE7E2D45D86D0049BC6E /* ClothingProductsApp.app */ = {isa = PBXFileReference; explicitFileType = wrapper.application; includeInIndex = 0; path = ClothingProductsApp.app; sourceTree = BUILT_PRODUCTS_DIR; };
		77EECE812D45D86D0049BC6E /* ClothingProductsAppApp.swift */ = {isa = PBXFileReference; lastKnownFileType = sourcecode.swift; path = ClothingProductsAppApp.swift; sourceTree = "<group>"; };
		77EECE832D45D86D0049BC6E /* ContentView.swift */ = {isa = PBXFileReference; lastKnownFileType = sourcecode.swift; path = ContentView.swift; sourceTree = "<group>"; };
		77EECE852D45D8730049BC6E /* Assets.xcassets */ = {isa = PBXFileReference; lastKnownFileType = folder.assetcatalog; path = Assets.xcassets; sourceTree = "<group>"; };
		77EECE882D45D8730049BC6E /* Preview Assets.xcassets */ = {isa = PBXFileReference; lastKnownFileType = folder.assetcatalog; path = "Preview Assets.xcassets"; sourceTree = "<group>"; };
		77EECE8A2D45D8730049BC6E /* Persistence.swift */ = {isa = PBXFileReference; lastKnownFileType = sourcecode.swift; path = Persistence.swift; sourceTree = "<group>"; };
		77EECE8D2D45D8730049BC6E /* ClothingProductsApp.xcdatamodel */ = {isa = PBXFileReference; lastKnownFileType = wrapper.xcdatamodel; path = ClothingProductsApp.xcdatamodel; sourceTree = "<group>"; };
		77EECE942D45DBDF0049BC6E /* LoginView.swift */ = {isa = PBXFileReference; lastKnownFileType = sourcecode.swift; path = LoginView.swift; sourceTree = "<group>"; };
		77EECE962D45DF930049BC6E /* ProductsListView.swift */ = {isa = PBXFileReference; lastKnownFileType = sourcecode.swift; path = ProductsListView.swift; sourceTree = "<group>"; };
/* End PBXFileReference section */

/* Begin PBXFrameworksBuildPhase section */
		77EECE7B2D45D86D0049BC6E /* Frameworks */ = {
			isa = PBXFrameworksBuildPhase;
			buildActionMask = 2147483647;
			files = (
			);
			runOnlyForDeploymentPostprocessing = 0;
		};
/* End PBXFrameworksBuildPhase section */

/* Begin PBXGroup section */
		77EECE752D45D86D0049BC6E = {
			isa = PBXGroup;
			children = (
				77EECE802D45D86D0049BC6E /* ClothingProductsApp */,
				77EECE7F2D45D86D0049BC6E /* Products */,
			);
			sourceTree = "<group>";
		};
		77EECE7F2D45D86D0049BC6E /* Products */ = {
			isa = PBXGroup;
			children = (
				77EECE7E2D45D86D0049BC6E /* ClothingProductsApp.app */,
			);
			name = Products;
			sourceTree = "<group>";
		};
		77EECE802D45D86D0049BC6E /* ClothingProductsApp */ = {
			isa = PBXGroup;
			children = (
				77EECE812D45D86D0049BC6E /* ClothingProductsAppApp.swift */,
				77EECE832D45D86D0049BC6E /* ContentView.swift */,
				77EECE852D45D8730049BC6E /* Assets.xcassets */,
				77EECE8A2D45D8730049BC6E /* Persistence.swift */,
				77EECE8C2D45D8730049BC6E /* ClothingProductsApp.xcdatamodeld */,
				77EECE872D45D8730049BC6E /* Preview Content */,
				77EECE942D45DBDF0049BC6E /* LoginView.swift */,
				77EECE962D45DF930049BC6E /* ProductsListView.swift */,
			);
			path = ClothingProductsApp;
			sourceTree = "<group>";
		};
		77EECE872D45D8730049BC6E /* Preview Content */ = {
			isa = PBXGroup;
			children = (
				77EECE882D45D8730049BC6E /* Preview Assets.xcassets */,
			);
			path = "Preview Content";
			sourceTree = "<group>";
		};
/* End PBXGroup section */

/* Begin PBXNativeTarget section */
		77EECE7D2D45D86D0049BC6E /* ClothingProductsApp */ = {
			isa = PBXNativeTarget;
			buildConfigurationList = 77EECE912D45D8730049BC6E /* Build configuration list for PBXNativeTarget "ClothingProductsApp" */;
			buildPhases = (
				77EECE7A2D45D86D0049BC6E /* Sources */,
				77EECE7B2D45D86D0049BC6E /* Frameworks */,
				77EECE7C2D45D86D0049BC6E /* Resources */,
			);
			buildRules = (
			);
			dependencies = (
			);
			name = ClothingProductsApp;
			productName = ClothingProductsApp;
			productReference = 77EECE7E2D45D86D0049BC6E /* ClothingProductsApp.app */;
			productType = "com.apple.product-type.application";
		};
/* End PBXNativeTarget section */

/* Begin PBXProject section */
		77EECE762D45D86D0049BC6E /* Project object */ = {
			isa = PBXProject;
			attributes = {
				BuildIndependentTargetsInParallel = 1;
				LastSwiftUpdateCheck = 1320;
				LastUpgradeCheck = 1320;
				TargetAttributes = {
					77EECE7D2D45D86D0049BC6E = {
						CreatedOnToolsVersion = 13.2.1;
					};
				};
			};
			buildConfigurationList = 77EECE792D45D86D0049BC6E /* Build configuration list for PBXProject "ClothingProductsApp" */;
			compatibilityVersion = "Xcode 13.0";
			developmentRegion = en;
			hasScannedForEncodings = 0;
			knownRegions = (
				en,
				Base,
			);
			mainGroup = 77EECE752D45D86D0049BC6E;
			productRefGroup = 77EECE7F2D45D86D0049BC6E /* Products */;
			projectDirPath = "";
			projectRoot = "";
			targets = (
				77EECE7D2D45D86D0049BC6E /* ClothingProductsApp */,
			);
		};
/* End PBXProject section */

/* Begin PBXResourcesBuildPhase section */
		77EECE7C2D45D86D0049BC6E /* Resources */ = {
			isa = PBXResourcesBuildPhase;
			buildActionMask = 2147483647;
			files = (
				77EECE892D45D8730049BC6E /* Preview Assets.xcassets in Resources */,
				77EECE862D45D8730049BC6E /* Assets.xcassets in Resources */,
			);
			runOnlyForDeploymentPostprocessing = 0;
		};
/* End PBXResourcesBuildPhase section */

/* Begin PBXSourcesBuildPhase section */
		77EECE7A2D45D86D0049BC6E /* Sources */ = {
			isa = PBXSourcesBuildPhase;
			buildActionMask = 2147483647;
			files = (
				77EECE8B2D45D8730049BC6E /* Persistence.swift in Sources */,
				77EECE842D45D86D0049BC6E /* ContentView.swift in Sources */,
				77EECE972D45DF930049BC6E /* ProductsListView.swift in Sources */,
				77EECE8E2D45D8730049BC6E /* ClothingProductsApp.xcdatamodeld in Sources */,
				77EECE952D45DBDF0049BC6E /* LoginView.swift in Sources */,
				77EECE822D45D86D0049BC6E /* ClothingProductsAppApp.swift in Sources */,
			);
			runOnlyForDeploymentPostprocessing = 0;
		};
/* End PBXSourcesBuildPhase section */

/* Begin XCBuildConfiguration section */
		77EECE8F2D45D8730049BC6E /* Debug */ = {
			isa = XCBuildConfiguration;
			buildSettings = {
				ALWAYS_SEARCH_USER_PATHS = NO;
				CLANG_ANALYZER_NONNULL = YES;
				CLANG_ANALYZER_NUMBER_OBJECT_CONVERSION = YES_AGGRESSIVE;
				CLANG_CXX_LANGUAGE_STANDARD = "gnu++17";
				CLANG_CXX_LIBRARY = "libc++";
				CLANG_ENABLE_MODULES = YES;
				CLANG_ENABLE_OBJC_ARC = YES;
				CLANG_ENABLE_OBJC_WEAK = YES;
				CLANG_WARN_BLOCK_CAPTURE_AUTORELEASING = YES;
				CLANG_WARN_BOOL_CONVERSION = YES;
				CLANG_WARN_COMMA = YES;
				CLANG_WARN_CONSTANT_CONVERSION = YES;
				CLANG_WARN_DEPRECATED_OBJC_IMPLEMENTATIONS = YES;
				CLANG_WARN_DIRECT_OBJC_ISA_USAGE = YES_ERROR;
				CLANG_WARN_DOCUMENTATION_COMMENTS = YES;
				CLANG_WARN_EMPTY_BODY = YES;
				CLANG_WARN_ENUM_CONVERSION = YES;
				CLANG_WARN_INFINITE_RECURSION = YES;
				CLANG_WARN_INT_CONVERSION = YES;
				CLANG_WARN_NON_LITERAL_NULL_CONVERSION = YES;
				CLANG_WARN_OBJC_IMPLICIT_RETAIN_SELF = YES;
				CLANG_WARN_OBJC_LITERAL_CONVERSION = YES;
				CLANG_WARN_OBJC_ROOT_CLASS = YES_ERROR;
				CLANG_WARN_QUOTED_INCLUDE_IN_FRAMEWORK_HEADER = YES;
				CLANG_WARN_RANGE_LOOP_ANALYSIS = YES;
				CLANG_WARN_STRICT_PROTOTYPES = YES;
				CLANG_WARN_SUSPICIOUS_MOVE = YES;
				CLANG_WARN_UNGUARDED_AVAILABILITY = YES_AGGRESSIVE;
				CLANG_WARN_UNREACHABLE_CODE = YES;
				CLANG_WARN__DUPLICATE_METHOD_MATCH = YES;
				COPY_PHASE_STRIP = NO;
				DEBUG_INFORMATION_FORMAT = dwarf;
				ENABLE_STRICT_OBJC_MSGSEND = YES;
				ENABLE_TESTABILITY = YES;
				GCC_C_LANGUAGE_STANDARD = gnu11;
				GCC_DYNAMIC_NO_PIC = NO;
				GCC_NO_COMMON_BLOCKS = YES;
				GCC_OPTIMIZATION_LEVEL = 0;
				GCC_PREPROCESSOR_DEFINITIONS = (
					"DEBUG=1",
					"$(inherited)",
				);
				GCC_WARN_64_TO_32_BIT_CONVERSION = YES;
				GCC_WARN_ABOUT_RETURN_TYPE = YES_ERROR;
				GCC_WARN_UNDECLARED_SELECTOR = YES;
				GCC_WARN_UNINITIALIZED_AUTOS = YES_AGGRESSIVE;
				GCC_WARN_UNUSED_FUNCTION = YES;
				GCC_WARN_UNUSED_VARIABLE = YES;
				IPHONEOS_DEPLOYMENT_TARGET = 15.2;
				MTL_ENABLE_DEBUG_INFO = INCLUDE_SOURCE;
				MTL_FAST_MATH = YES;
				ONLY_ACTIVE_ARCH = YES;
				SDKROOT = iphoneos;
				SWIFT_ACTIVE_COMPILATION_CONDITIONS = DEBUG;
				SWIFT_OPTIMIZATION_LEVEL = "-Onone";
			};
			name = Debug;
		};
		77EECE902D45D8730049BC6E /* Release */ = {
			isa = XCBuildConfiguration;
			buildSettings = {
				ALWAYS_SEARCH_USER_PATHS = NO;
				CLANG_ANALYZER_NONNULL = YES;
				CLANG_ANALYZER_NUMBER_OBJECT_CONVERSION = YES_AGGRESSIVE;
				CLANG_CXX_LANGUAGE_STANDARD = "gnu++17";
				CLANG_CXX_LIBRARY = "libc++";
				CLANG_ENABLE_MODULES = YES;
				CLANG_ENABLE_OBJC_ARC = YES;
				CLANG_ENABLE_OBJC_WEAK = YES;
				CLANG_WARN_BLOCK_CAPTURE_AUTORELEASING = YES;
				CLANG_WARN_BOOL_CONVERSION = YES;
				CLANG_WARN_COMMA = YES;
				CLANG_WARN_CONSTANT_CONVERSION = YES;
				CLANG_WARN_DEPRECATED_OBJC_IMPLEMENTATIONS = YES;
				CLANG_WARN_DIRECT_OBJC_ISA_USAGE = YES_ERROR;
				CLANG_WARN_DOCUMENTATION_COMMENTS = YES;
				CLANG_WARN_EMPTY_BODY = YES;
				CLANG_WARN_ENUM_CONVERSION = YES;
				CLANG_WARN_INFINITE_RECURSION = YES;
				CLANG_WARN_INT_CONVERSION = YES;
				CLANG_WARN_NON_LITERAL_NULL_CONVERSION = YES;
				CLANG_WARN_OBJC_IMPLICIT_RETAIN_SELF = YES;
				CLANG_WARN_OBJC_LITERAL_CONVERSION = YES;
				CLANG_WARN_OBJC_ROOT_CLASS = YES_ERROR;
				CLANG_WARN_QUOTED_INCLUDE_IN_FRAMEWORK_HEADER = YES;
				CLANG_WARN_RANGE_LOOP_ANALYSIS = YES;
				CLANG_WARN_STRICT_PROTOTYPES = YES;
				CLANG_WARN_SUSPICIOUS_MOVE = YES;
				CLANG_WARN_UNGUARDED_AVAILABILITY = YES_AGGRESSIVE;
				CLANG_WARN_UNREACHABLE_CODE = YES;
				CLANG_WARN__DUPLICATE_METHOD_MATCH = YES;
				COPY_PHASE_STRIP = NO;
				DEBUG_INFORMATION_FORMAT = "dwarf-with-dsym";
				ENABLE_NS_ASSERTIONS = NO;
				ENABLE_STRICT_OBJC_MSGSEND = YES;
				GCC_C_LANGUAGE_STANDARD = gnu11;
				GCC_NO_COMMON_BLOCKS = YES;
				GCC_WARN_64_TO_32_BIT_CONVERSION = YES;
				GCC_WARN_ABOUT_RETURN_TYPE = YES_ERROR;
				GCC_WARN_UNDECLARED_SELECTOR = YES;
				GCC_WARN_UNINITIALIZED_AUTOS = YES_AGGRESSIVE;
				GCC_WARN_UNUSED_FUNCTION = YES;
				GCC_WARN_UNUSED_VARIABLE = YES;
				IPHONEOS_DEPLOYMENT_TARGET = 15.2;
				MTL_ENABLE_DEBUG_INFO = NO;
				MTL_FAST_MATH = YES;
				SDKROOT = iphoneos;
				SWIFT_COMPILATION_MODE = wholemodule;
				SWIFT_OPTIMIZATION_LEVEL = "-O";
				VALIDATE_PRODUCT = YES;
			};
			name = Release;
		};
		77EECE922D45D8730049BC6E /* Debug */ = {
			isa = XCBuildConfiguration;
			buildSettings = {
				ASSETCATALOG_COMPILER_APPICON_NAME = AppIcon;
				ASSETCATALOG_COMPILER_GLOBAL_ACCENT_COLOR_NAME = AccentColor;
				CODE_SIGN_STYLE = Automatic;
				CURRENT_PROJECT_VERSION = 1;
				DEVELOPMENT_ASSET_PATHS = "\"ClothingProductsApp/Preview Content\"";
				ENABLE_PREVIEWS = YES;
				GENERATE_INFOPLIST_FILE = YES;
				INFOPLIST_KEY_UIApplicationSceneManifest_Generation = YES;
				INFOPLIST_KEY_UIApplicationSupportsIndirectInputEvents = YES;
				INFOPLIST_KEY_UILaunchScreen_Generation = YES;
				INFOPLIST_KEY_UISupportedInterfaceOrientations_iPad = "UIInterfaceOrientationPortrait UIInterfaceOrientationPortraitUpsideDown UIInterfaceOrientationLandscapeLeft UIInterfaceOrientationLandscapeRight";
				INFOPLIST_KEY_UISupportedInterfaceOrientations_iPhone = "UIInterfaceOrientationPortrait UIInterfaceOrientationLandscapeLeft UIInterfaceOrientationLandscapeRight";
				LD_RUNPATH_SEARCH_PATHS = (
					"$(inherited)",
					"@executable_path/Frameworks",
				);
				MARKETING_VERSION = 1.0;
				PRODUCT_BUNDLE_IDENTIFIER = var.ClothingProductsApp;
				PRODUCT_NAME = "$(TARGET_NAME)";
				SWIFT_EMIT_LOC_STRINGS = YES;
				SWIFT_VERSION = 5.0;
				TARGETED_DEVICE_FAMILY = "1,2";
			};
			name = Debug;
		};
		77EECE932D45D8730049BC6E /* Release */ = {
			isa = XCBuildConfiguration;
			buildSettings = {
				ASSETCATALOG_COMPILER_APPICON_NAME = AppIcon;
				ASSETCATALOG_COMPILER_GLOBAL_ACCENT_COLOR_NAME = AccentColor;
				CODE_SIGN_STYLE = Automatic;
				CURRENT_PROJECT_VERSION = 1;
				DEVELOPMENT_ASSET_PATHS = "\"ClothingProductsApp/Preview Content\"";
				ENABLE_PREVIEWS = YES;
				GENERATE_INFOPLIST_FILE = YES;
				INFOPLIST_KEY_UIApplicationSceneManifest_Generation = YES;
				INFOPLIST_KEY_UIApplicationSupportsIndirectInputEvents = YES;
				INFOPLIST_KEY_UILaunchScreen_Generation = YES;
				INFOPLIST_KEY_UISupportedInterfaceOrientations_iPad = "UIInterfaceOrientationPortrait UIInterfaceOrientationPortraitUpsideDown UIInterfaceOrientationLandscapeLeft UIInterfaceOrientationLandscapeRight";
				INFOPLIST_KEY_UISupportedInterfaceOrientations_iPhone = "UIInterfaceOrientationPortrait UIInterfaceOrientationLandscapeLeft UIInterfaceOrientationLandscapeRight";
				LD_RUNPATH_SEARCH_PATHS = (
					"$(inherited)",
					"@executable_path/Frameworks",
				);
				MARKETING_VERSION = 1.0;
				PRODUCT_BUNDLE_IDENTIFIER = var.ClothingProductsApp;
				PRODUCT_NAME = "$(TARGET_NAME)";
				SWIFT_EMIT_LOC_STRINGS = YES;
				SWIFT_VERSION = 5.0;
				TARGETED_DEVICE_FAMILY = "1,2";
			};
			name = Release;
		};
/* End XCBuildConfiguration section */

/* Begin XCConfigurationList section */
		77EECE792D45D86D0049BC6E /* Build configuration list for PBXProject "ClothingProductsApp" */ = {
			isa = XCConfigurationList;
			buildConfigurations = (
				77EECE8F2D45D8730049BC6E /* Debug */,
				77EECE902D45D8730049BC6E /* Release */,
			);
			defaultConfigurationIsVisible = 0;
			defaultConfigurationName = Release;
		};
		77EECE912D45D8730049BC6E /* Build configuration list for PBXNativeTarget "ClothingProductsApp" */ = {
			isa = XCConfigurationList;
			buildConfigurations = (
				77EECE922D45D8730049BC6E /* Debug */,
				77EECE932D45D8730049BC6E /* Release */,
			);
			defaultConfigurationIsVisible = 0;
			defaultConfigurationName = Release;
		};
/* End XCConfigurationList section */

/* Begin XCVersionGroup section */
		77EECE8C2D45D8730049BC6E /* ClothingProductsApp.xcdatamodeld */ = {
			isa = XCVersionGroup;
			children = (
				77EECE8D2D45D8730049BC6E /* ClothingProductsApp.xcdatamodel */,
			);
			currentVersion = 77EECE8D2D45D8730049BC6E /* ClothingProductsApp.xcdatamodel */;
			path = ClothingProductsApp.xcdatamodeld;
			sourceTree = "<group>";
			versionGroupType = wrapper.xcdatamodel;
		};
/* End XCVersionGroup section */
	};
	rootObject = 77EECE762D45D86D0049BC6E /* Project object */;
}
